// !$*UTF8*$!
{
	archiveVersion = 1;
	classes = {
	};
	objectVersion = 63;
	objects = {

/* Begin PBXBuildFile section */
		2C2A72A92CC2536F0015D6BD /* GameScene.sks in Resources */ = {isa = PBXBuildFile; fileRef = 2C2A729C2CC2536F0015D6BD /* GameScene.sks */; };
		2C2A72AA2CC2536F0015D6BD /* LaunchScreen.storyboard in Resources */ = {isa = PBXBuildFile; fileRef = 2C2A72A22CC2536F0015D6BD /* LaunchScreen.storyboard */; };
		2C2A72AB2CC2536F0015D6BD /* Main.storyboard in Resources */ = {isa = PBXBuildFile; fileRef = 2C2A72A42CC2536F0015D6BD /* Main.storyboard */; };
		2C2A72AC2CC2536F0015D6BD /* Assets.xcassets in Resources */ = {isa = PBXBuildFile; fileRef = 2C2A72A62CC2536F0015D6BD /* Assets.xcassets */; };
		2C2A72AD2CC2536F0015D6BD /* SKNodeExtension.swift in Sources */ = {isa = PBXBuildFile; fileRef = 2C2A72912CC2536F0015D6BD /* SKNodeExtension.swift */; };
		2C2A72AE2CC2536F0015D6BD /* SKTextureExtension.swift in Sources */ = {isa = PBXBuildFile; fileRef = 2C2A72922CC2536F0015D6BD /* SKTextureExtension.swift */; };
		2C2A72AF2CC2536F0015D6BD /* Vibration.swift in Sources */ = {isa = PBXBuildFile; fileRef = 2C2A72932CC2536F0015D6BD /* Vibration.swift */; };
		2C2A72B02CC2536F0015D6BD /* GameEngine.swift in Sources */ = {isa = PBXBuildFile; fileRef = 2C2A72952CC2536F0015D6BD /* GameEngine.swift */; };
		2C2A72B12CC2536F0015D6BD /* CircleNode.swift in Sources */ = {isa = PBXBuildFile; fileRef = 2C2A72972CC2536F0015D6BD /* CircleNode.swift */; };
		2C2A72B22CC2536F0015D6BD /* CollisionCircleBitMask.swift in Sources */ = {isa = PBXBuildFile; fileRef = 2C2A72982CC2536F0015D6BD /* CollisionCircleBitMask.swift */; };
		2C2A72B32CC2536F0015D6BD /* GameLabelNode.swift in Sources */ = {isa = PBXBuildFile; fileRef = 2C2A72992CC2536F0015D6BD /* GameLabelNode.swift */; };
		2C2A72B42CC2536F0015D6BD /* ObstacleNode.swift in Sources */ = {isa = PBXBuildFile; fileRef = 2C2A729A2CC2536F0015D6BD /* ObstacleNode.swift */; };
		2C2A72B52CC2536F0015D6BD /* GameScene.swift in Sources */ = {isa = PBXBuildFile; fileRef = 2C2A729D2CC2536F0015D6BD /* GameScene.swift */; };
		2C2A72B62CC2536F0015D6BD /* AppDelegate.swift in Sources */ = {isa = PBXBuildFile; fileRef = 2C2A729F2CC2536F0015D6BD /* AppDelegate.swift */; };
		2C2A72B72CC2536F0015D6BD /* GameViewController.swift in Sources */ = {isa = PBXBuildFile; fileRef = 2C2A72A02CC2536F0015D6BD /* GameViewController.swift */; };
/* End PBXBuildFile section */

/* Begin PBXFileReference section */
		2C2A72912CC2536F0015D6BD /* SKNodeExtension.swift */ = {isa = PBXFileReference; lastKnownFileType = sourcecode.swift; path = SKNodeExtension.swift; sourceTree = "<group>"; };
		2C2A72922CC2536F0015D6BD /* SKTextureExtension.swift */ = {isa = PBXFileReference; lastKnownFileType = sourcecode.swift; path = SKTextureExtension.swift; sourceTree = "<group>"; };
		2C2A72932CC2536F0015D6BD /* Vibration.swift */ = {isa = PBXFileReference; lastKnownFileType = sourcecode.swift; path = Vibration.swift; sourceTree = "<group>"; };
		2C2A72952CC2536F0015D6BD /* GameEngine.swift */ = {isa = PBXFileReference; lastKnownFileType = sourcecode.swift; path = GameEngine.swift; sourceTree = "<group>"; };
		2C2A72972CC2536F0015D6BD /* CircleNode.swift */ = {isa = PBXFileReference; lastKnownFileType = sourcecode.swift; path = CircleNode.swift; sourceTree = "<group>"; };
		2C2A72982CC2536F0015D6BD /* CollisionCircleBitMask.swift */ = {isa = PBXFileReference; lastKnownFileType = sourcecode.swift; path = CollisionCircleBitMask.swift; sourceTree = "<group>"; };
		2C2A72992CC2536F0015D6BD /* GameLabelNode.swift */ = {isa = PBXFileReference; lastKnownFileType = sourcecode.swift; path = GameLabelNode.swift; sourceTree = "<group>"; };
		2C2A729A2CC2536F0015D6BD /* ObstacleNode.swift */ = {isa = PBXFileReference; lastKnownFileType = sourcecode.swift; path = ObstacleNode.swift; sourceTree = "<group>"; };
		2C2A729C2CC2536F0015D6BD /* GameScene.sks */ = {isa = PBXFileReference; lastKnownFileType = file.sks; path = GameScene.sks; sourceTree = "<group>"; };
		2C2A729D2CC2536F0015D6BD /* GameScene.swift */ = {isa = PBXFileReference; lastKnownFileType = sourcecode.swift; path = GameScene.swift; sourceTree = "<group>"; };
		2C2A729F2CC2536F0015D6BD /* AppDelegate.swift */ = {isa = PBXFileReference; lastKnownFileType = sourcecode.swift; path = AppDelegate.swift; sourceTree = "<group>"; };
		2C2A72A02CC2536F0015D6BD /* GameViewController.swift */ = {isa = PBXFileReference; lastKnownFileType = sourcecode.swift; path = GameViewController.swift; sourceTree = "<group>"; };
		2C2A72A12CC2536F0015D6BD /* Base */ = {isa = PBXFileReference; lastKnownFileType = file.storyboard; name = Base; path = Base.lproj/LaunchScreen.storyboard; sourceTree = "<group>"; };
		2C2A72A32CC2536F0015D6BD /* Base */ = {isa = PBXFileReference; lastKnownFileType = file.storyboard; name = Base; path = Base.lproj/Main.storyboard; sourceTree = "<group>"; };
		2C2A72A62CC2536F0015D6BD /* Assets.xcassets */ = {isa = PBXFileReference; lastKnownFileType = folder.assetcatalog; path = Assets.xcassets; sourceTree = "<group>"; };
		2CABC9BE2CBFD3D4008B51C4 /* CircleBoundsGame.app */ = {isa = PBXFileReference; explicitFileType = wrapper.application; includeInIndex = 0; path = CircleBoundsGame.app; sourceTree = BUILT_PRODUCTS_DIR; };
/* End PBXFileReference section */

/* Begin PBXFrameworksBuildPhase section */
		2CABC9BB2CBFD3D4008B51C4 /* Frameworks */ = {
			isa = PBXFrameworksBuildPhase;
			buildActionMask = 2147483647;
			files = (
			);
			runOnlyForDeploymentPostprocessing = 0;
		};
/* End PBXFrameworksBuildPhase section */

/* Begin PBXGroup section */
		2C2A72942CC2536F0015D6BD /* Extensions */ = {
			isa = PBXGroup;
			children = (
				2C2A72912CC2536F0015D6BD /* SKNodeExtension.swift */,
				2C2A72922CC2536F0015D6BD /* SKTextureExtension.swift */,
				2C2A72932CC2536F0015D6BD /* Vibration.swift */,
			);
			path = Extensions;
			sourceTree = "<group>";
		};
		2C2A72962CC2536F0015D6BD /* GameEngine */ = {
			isa = PBXGroup;
			children = (
				2C2A72952CC2536F0015D6BD /* GameEngine.swift */,
			);
			path = GameEngine;
			sourceTree = "<group>";
		};
		2C2A729B2CC2536F0015D6BD /* GameObjects */ = {
			isa = PBXGroup;
			children = (
				2C2A72972CC2536F0015D6BD /* CircleNode.swift */,
				2C2A72982CC2536F0015D6BD /* CollisionCircleBitMask.swift */,
				2C2A72992CC2536F0015D6BD /* GameLabelNode.swift */,
				2C2A729A2CC2536F0015D6BD /* ObstacleNode.swift */,
			);
			path = GameObjects;
			sourceTree = "<group>";
		};
		2C2A729E2CC2536F0015D6BD /* GameScene */ = {
			isa = PBXGroup;
			children = (
				2C2A729C2CC2536F0015D6BD /* GameScene.sks */,
				2C2A729D2CC2536F0015D6BD /* GameScene.swift */,
			);
			path = GameScene;
			sourceTree = "<group>";
		};
		2C2A72A52CC2536F0015D6BD /* Launch */ = {
			isa = PBXGroup;
			children = (
				2C2A729F2CC2536F0015D6BD /* AppDelegate.swift */,
				2C2A72A02CC2536F0015D6BD /* GameViewController.swift */,
				2C2A72A22CC2536F0015D6BD /* LaunchScreen.storyboard */,
				2C2A72A42CC2536F0015D6BD /* Main.storyboard */,
			);
			path = Launch;
			sourceTree = "<group>";
		};
		2C2A72A72CC2536F0015D6BD /* Resource */ = {
			isa = PBXGroup;
			children = (
				2C2A72A62CC2536F0015D6BD /* Assets.xcassets */,
			);
			path = Resource;
			sourceTree = "<group>";
		};
		2C2A72A82CC2536F0015D6BD /* CircleBoundsGame */ = {
			isa = PBXGroup;
			children = (
				2C2A72942CC2536F0015D6BD /* Extensions */,
				2C2A72962CC2536F0015D6BD /* GameEngine */,
				2C2A729B2CC2536F0015D6BD /* GameObjects */,
				2C2A729E2CC2536F0015D6BD /* GameScene */,
				2C2A72A52CC2536F0015D6BD /* Launch */,
				2C2A72A72CC2536F0015D6BD /* Resource */,
			);
			path = CircleBoundsGame;
			sourceTree = "<group>";
		};
		2CABC9B52CBFD3D4008B51C4 = {
			isa = PBXGroup;
			children = (
				2C2A72A82CC2536F0015D6BD /* CircleBoundsGame */,
				2CABC9BF2CBFD3D4008B51C4 /* Products */,
			);
			sourceTree = "<group>";
		};
		2CABC9BF2CBFD3D4008B51C4 /* Products */ = {
			isa = PBXGroup;
			children = (
				2CABC9BE2CBFD3D4008B51C4 /* CircleBoundsGame.app */,
			);
			name = Products;
			sourceTree = "<group>";
		};
/* End PBXGroup section */

/* Begin PBXNativeTarget section */
		2CABC9BD2CBFD3D4008B51C4 /* CircleBoundsGame */ = {
			isa = PBXNativeTarget;
			buildConfigurationList = 2CABC9D52CBFD3D5008B51C4 /* Build configuration list for PBXNativeTarget "CircleBoundsGame" */;
			buildPhases = (
				2CABC9BA2CBFD3D4008B51C4 /* Sources */,
				2CABC9BB2CBFD3D4008B51C4 /* Frameworks */,
				2CABC9BC2CBFD3D4008B51C4 /* Resources */,
			);
			buildRules = (
			);
			dependencies = (
			);
			name = CircleBoundsGame;
			packageProductDependencies = (
			);
			productName = CircleBoundsGame;
			productReference = 2CABC9BE2CBFD3D4008B51C4 /* CircleBoundsGame.app */;
			productType = "com.apple.product-type.application";
		};
/* End PBXNativeTarget section */

/* Begin PBXProject section */
		2CABC9B62CBFD3D4008B51C4 /* Project object */ = {
			isa = PBXProject;
			attributes = {
				BuildIndependentTargetsInParallel = 1;
				LastSwiftUpdateCheck = 1600;
				LastUpgradeCheck = 1600;
				TargetAttributes = {
					2CABC9BD2CBFD3D4008B51C4 = {
						CreatedOnToolsVersion = 16.0;
					};
				};
			};
			buildConfigurationList = 2CABC9B92CBFD3D4008B51C4 /* Build configuration list for PBXProject "CircleBoundsGame" */;
			compatibilityVersion = "Xcode 15.0";
			developmentRegion = en;
			hasScannedForEncodings = 0;
			knownRegions = (
				en,
				Base,
			);
			mainGroup = 2CABC9B52CBFD3D4008B51C4;
			minimizedProjectReferenceProxies = 1;
			productRefGroup = 2CABC9BF2CBFD3D4008B51C4 /* Products */;
			projectDirPath = "";
			projectRoot = "";
			targets = (
				2CABC9BD2CBFD3D4008B51C4 /* CircleBoundsGame */,
			);
		};
/* End PBXProject section */

/* Begin PBXResourcesBuildPhase section */
		2CABC9BC2CBFD3D4008B51C4 /* Resources */ = {
			isa = PBXResourcesBuildPhase;
			buildActionMask = 2147483647;
			files = (
				2C2A72A92CC2536F0015D6BD /* GameScene.sks in Resources */,
				2C2A72AA2CC2536F0015D6BD /* LaunchScreen.storyboard in Resources */,
				2C2A72AB2CC2536F0015D6BD /* Main.storyboard in Resources */,
				2C2A72AC2CC2536F0015D6BD /* Assets.xcassets in Resources */,
			);
			runOnlyForDeploymentPostprocessing = 0;
		};
/* End PBXResourcesBuildPhase section */

/* Begin PBXSourcesBuildPhase section */
		2CABC9BA2CBFD3D4008B51C4 /* Sources */ = {
			isa = PBXSourcesBuildPhase;
			buildActionMask = 2147483647;
			files = (
				2C2A72AD2CC2536F0015D6BD /* SKNodeExtension.swift in Sources */,
				2C2A72AE2CC2536F0015D6BD /* SKTextureExtension.swift in Sources */,
				2C2A72AF2CC2536F0015D6BD /* Vibration.swift in Sources */,
				2C2A72B02CC2536F0015D6BD /* GameEngine.swift in Sources */,
				2C2A72B12CC2536F0015D6BD /* CircleNode.swift in Sources */,
				2C2A72B22CC2536F0015D6BD /* CollisionCircleBitMask.swift in Sources */,
				2C2A72B32CC2536F0015D6BD /* GameLabelNode.swift in Sources */,
				2C2A72B42CC2536F0015D6BD /* ObstacleNode.swift in Sources */,
				2C2A72B52CC2536F0015D6BD /* GameScene.swift in Sources */,
				2C2A72B62CC2536F0015D6BD /* AppDelegate.swift in Sources */,
				2C2A72B72CC2536F0015D6BD /* GameViewController.swift in Sources */,
			);
			runOnlyForDeploymentPostprocessing = 0;
		};
/* End PBXSourcesBuildPhase section */

/* Begin PBXVariantGroup section */
		2C2A72A22CC2536F0015D6BD /* LaunchScreen.storyboard */ = {
			isa = PBXVariantGroup;
			children = (
				2C2A72A12CC2536F0015D6BD /* Base */,
			);
			name = LaunchScreen.storyboard;
			sourceTree = "<group>";
		};
		2C2A72A42CC2536F0015D6BD /* Main.storyboard */ = {
			isa = PBXVariantGroup;
			children = (
				2C2A72A32CC2536F0015D6BD /* Base */,
			);
			name = Main.storyboard;
			sourceTree = "<group>";
		};
/* End PBXVariantGroup section */

/* Begin XCBuildConfiguration section */
		2CABC9D32CBFD3D5008B51C4 /* Debug */ = {
			isa = XCBuildConfiguration;
			buildSettings = {
				ALWAYS_SEARCH_USER_PATHS = NO;
				ASSETCATALOG_COMPILER_GENERATE_SWIFT_ASSET_SYMBOL_EXTENSIONS = YES;
				CLANG_ANALYZER_NONNULL = YES;
				CLANG_ANALYZER_NUMBER_OBJECT_CONVERSION = YES_AGGRESSIVE;
				CLANG_CXX_LANGUAGE_STANDARD = "gnu++20";
				CLANG_ENABLE_MODULES = YES;
				CLANG_ENABLE_OBJC_ARC = YES;
				CLANG_ENABLE_OBJC_WEAK = YES;
				CLANG_WARN_BLOCK_CAPTURE_AUTORELEASING = YES;
				CLANG_WARN_BOOL_CONVERSION = YES;
				CLANG_WARN_COMMA = YES;
				CLANG_WARN_CONSTANT_CONVERSION = YES;
				CLANG_WARN_DEPRECATED_OBJC_IMPLEMENTATIONS = YES;
				CLANG_WARN_DIRECT_OBJC_ISA_USAGE = YES_ERROR;
				CLANG_WARN_DOCUMENTATION_COMMENTS = YES;
				CLANG_WARN_EMPTY_BODY = YES;
				CLANG_WARN_ENUM_CONVERSION = YES;
				CLANG_WARN_INFINITE_RECURSION = YES;
				CLANG_WARN_INT_CONVERSION = YES;
				CLANG_WARN_NON_LITERAL_NULL_CONVERSION = YES;
				CLANG_WARN_OBJC_IMPLICIT_RETAIN_SELF = YES;
				CLANG_WARN_OBJC_LITERAL_CONVERSION = YES;
				CLANG_WARN_OBJC_ROOT_CLASS = YES_ERROR;
				CLANG_WARN_QUOTED_INCLUDE_IN_FRAMEWORK_HEADER = YES;
				CLANG_WARN_RANGE_LOOP_ANALYSIS = YES;
				CLANG_WARN_STRICT_PROTOTYPES = YES;
				CLANG_WARN_SUSPICIOUS_MOVE = YES;
				CLANG_WARN_UNGUARDED_AVAILABILITY = YES_AGGRESSIVE;
				CLANG_WARN_UNREACHABLE_CODE = YES;
				CLANG_WARN__DUPLICATE_METHOD_MATCH = YES;
				COPY_PHASE_STRIP = NO;
				DEBUG_INFORMATION_FORMAT = dwarf;
				ENABLE_STRICT_OBJC_MSGSEND = YES;
				ENABLE_TESTABILITY = YES;
				ENABLE_USER_SCRIPT_SANDBOXING = YES;
				GCC_C_LANGUAGE_STANDARD = gnu17;
				GCC_DYNAMIC_NO_PIC = NO;
				GCC_NO_COMMON_BLOCKS = YES;
				GCC_OPTIMIZATION_LEVEL = 0;
				GCC_PREPROCESSOR_DEFINITIONS = (
					"DEBUG=1",
					"$(inherited)",
				);
				GCC_WARN_64_TO_32_BIT_CONVERSION = YES;
				GCC_WARN_ABOUT_RETURN_TYPE = YES_ERROR;
				GCC_WARN_UNDECLARED_SELECTOR = YES;
				GCC_WARN_UNINITIALIZED_AUTOS = YES_AGGRESSIVE;
				GCC_WARN_UNUSED_FUNCTION = YES;
				GCC_WARN_UNUSED_VARIABLE = YES;
				IPHONEOS_DEPLOYMENT_TARGET = 18.0;
				LOCALIZATION_PREFERS_STRING_CATALOGS = YES;
				MTL_ENABLE_DEBUG_INFO = INCLUDE_SOURCE;
				MTL_FAST_MATH = YES;
				ONLY_ACTIVE_ARCH = YES;
				SDKROOT = iphoneos;
				SWIFT_ACTIVE_COMPILATION_CONDITIONS = "DEBUG $(inherited)";
				SWIFT_OPTIMIZATION_LEVEL = "-Onone";
			};
			name = Debug;
		};
		2CABC9D42CBFD3D5008B51C4 /* Release */ = {
			isa = XCBuildConfiguration;
			buildSettings = {
				ALWAYS_SEARCH_USER_PATHS = NO;
				ASSETCATALOG_COMPILER_GENERATE_SWIFT_ASSET_SYMBOL_EXTENSIONS = YES;
				CLANG_ANALYZER_NONNULL = YES;
				CLANG_ANALYZER_NUMBER_OBJECT_CONVERSION = YES_AGGRESSIVE;
				CLANG_CXX_LANGUAGE_STANDARD = "gnu++20";
				CLANG_ENABLE_MODULES = YES;
				CLANG_ENABLE_OBJC_ARC = YES;
				CLANG_ENABLE_OBJC_WEAK = YES;
				CLANG_WARN_BLOCK_CAPTURE_AUTORELEASING = YES;
				CLANG_WARN_BOOL_CONVERSION = YES;
				CLANG_WARN_COMMA = YES;
				CLANG_WARN_CONSTANT_CONVERSION = YES;
				CLANG_WARN_DEPRECATED_OBJC_IMPLEMENTATIONS = YES;
				CLANG_WARN_DIRECT_OBJC_ISA_USAGE = YES_ERROR;
				CLANG_WARN_DOCUMENTATION_COMMENTS = YES;
				CLANG_WARN_EMPTY_BODY = YES;
				CLANG_WARN_ENUM_CONVERSION = YES;
				CLANG_WARN_INFINITE_RECURSION = YES;
				CLANG_WARN_INT_CONVERSION = YES;
				CLANG_WARN_NON_LITERAL_NULL_CONVERSION = YES;
				CLANG_WARN_OBJC_IMPLICIT_RETAIN_SELF = YES;
				CLANG_WARN_OBJC_LITERAL_CONVERSION = YES;
				CLANG_WARN_OBJC_ROOT_CLASS = YES_ERROR;
				CLANG_WARN_QUOTED_INCLUDE_IN_FRAMEWORK_HEADER = YES;
				CLANG_WARN_RANGE_LOOP_ANALYSIS = YES;
				CLANG_WARN_STRICT_PROTOTYPES = YES;
				CLANG_WARN_SUSPICIOUS_MOVE = YES;
				CLANG_WARN_UNGUARDED_AVAILABILITY = YES_AGGRESSIVE;
				CLANG_WARN_UNREACHABLE_CODE = YES;
				CLANG_WARN__DUPLICATE_METHOD_MATCH = YES;
				COPY_PHASE_STRIP = NO;
				DEBUG_INFORMATION_FORMAT = "dwarf-with-dsym";
				ENABLE_NS_ASSERTIONS = NO;
				ENABLE_STRICT_OBJC_MSGSEND = YES;
				ENABLE_USER_SCRIPT_SANDBOXING = YES;
				GCC_C_LANGUAGE_STANDARD = gnu17;
				GCC_NO_COMMON_BLOCKS = YES;
				GCC_WARN_64_TO_32_BIT_CONVERSION = YES;
				GCC_WARN_ABOUT_RETURN_TYPE = YES_ERROR;
				GCC_WARN_UNDECLARED_SELECTOR = YES;
				GCC_WARN_UNINITIALIZED_AUTOS = YES_AGGRESSIVE;
				GCC_WARN_UNUSED_FUNCTION = YES;
				GCC_WARN_UNUSED_VARIABLE = YES;
				IPHONEOS_DEPLOYMENT_TARGET = 18.0;
				LOCALIZATION_PREFERS_STRING_CATALOGS = YES;
				MTL_ENABLE_DEBUG_INFO = NO;
				MTL_FAST_MATH = YES;
				SDKROOT = iphoneos;
				SWIFT_COMPILATION_MODE = wholemodule;
				VALIDATE_PRODUCT = YES;
			};
			name = Release;
		};
		2CABC9D62CBFD3D5008B51C4 /* Debug */ = {
			isa = XCBuildConfiguration;
			buildSettings = {
				ASSETCATALOG_COMPILER_APPICON_NAME = AppIcon;
				ASSETCATALOG_COMPILER_GLOBAL_ACCENT_COLOR_NAME = AccentColor;
				CODE_SIGN_STYLE = Automatic;
				CURRENT_PROJECT_VERSION = 1;
				DEVELOPMENT_TEAM = 5Q397TP2A3;
				GENERATE_INFOPLIST_FILE = YES;
				INFOPLIST_KEY_UIApplicationSupportsIndirectInputEvents = YES;
				INFOPLIST_KEY_UILaunchStoryboardName = LaunchScreen;
				INFOPLIST_KEY_UIMainStoryboardFile = Main;
				INFOPLIST_KEY_UIStatusBarHidden = YES;
				INFOPLIST_KEY_UISupportedInterfaceOrientations_iPad = "UIInterfaceOrientationPortrait UIInterfaceOrientationPortraitUpsideDown UIInterfaceOrientationLandscapeLeft UIInterfaceOrientationLandscapeRight";
				INFOPLIST_KEY_UISupportedInterfaceOrientations_iPhone = "UIInterfaceOrientationPortrait UIInterfaceOrientationLandscapeLeft UIInterfaceOrientationLandscapeRight";
				LD_RUNPATH_SEARCH_PATHS = (
					"$(inherited)",
					"@executable_path/Frameworks",
				);
				MARKETING_VERSION = 1.0;
				PRODUCT_BUNDLE_IDENTIFIER = com.ivan.maister.CircleBoundsGame;
				PRODUCT_NAME = "$(TARGET_NAME)";
				SWIFT_EMIT_LOC_STRINGS = YES;
				SWIFT_VERSION = 5.0;
				TARGETED_DEVICE_FAMILY = "1,2";
			};
			name = Debug;
		};
		2CABC9D72CBFD3D5008B51C4 /* Release */ = {
			isa = XCBuildConfiguration;
			buildSettings = {
				ASSETCATALOG_COMPILER_APPICON_NAME = AppIcon;
				ASSETCATALOG_COMPILER_GLOBAL_ACCENT_COLOR_NAME = AccentColor;
				CODE_SIGN_STYLE = Automatic;
				CURRENT_PROJECT_VERSION = 1;
				DEVELOPMENT_TEAM = 5Q397TP2A3;
				GENERATE_INFOPLIST_FILE = YES;
				INFOPLIST_KEY_UIApplicationSupportsIndirectInputEvents = YES;
				INFOPLIST_KEY_UILaunchStoryboardName = LaunchScreen;
				INFOPLIST_KEY_UIMainStoryboardFile = Main;
				INFOPLIST_KEY_UIStatusBarHidden = YES;
				INFOPLIST_KEY_UISupportedInterfaceOrientations_iPad = "UIInterfaceOrientationPortrait UIInterfaceOrientationPortraitUpsideDown UIInterfaceOrientationLandscapeLeft UIInterfaceOrientationLandscapeRight";
				INFOPLIST_KEY_UISupportedInterfaceOrientations_iPhone = "UIInterfaceOrientationPortrait UIInterfaceOrientationLandscapeLeft UIInterfaceOrientationLandscapeRight";
				LD_RUNPATH_SEARCH_PATHS = (
					"$(inherited)",
					"@executable_path/Frameworks",
				);
				MARKETING_VERSION = 1.0;
				PRODUCT_BUNDLE_IDENTIFIER = com.ivan.maister.CircleBoundsGame;
				PRODUCT_NAME = "$(TARGET_NAME)";
				SWIFT_EMIT_LOC_STRINGS = YES;
				SWIFT_VERSION = 5.0;
				TARGETED_DEVICE_FAMILY = "1,2";
			};
			name = Release;
		};
/* End XCBuildConfiguration section */

/* Begin XCConfigurationList section */
		2CABC9B92CBFD3D4008B51C4 /* Build configuration list for PBXProject "CircleBoundsGame" */ = {
			isa = XCConfigurationList;
			buildConfigurations = (
				2CABC9D32CBFD3D5008B51C4 /* Debug */,
				2CABC9D42CBFD3D5008B51C4 /* Release */,
			);
			defaultConfigurationIsVisible = 0;
			defaultConfigurationName = Release;
		};
		2CABC9D52CBFD3D5008B51C4 /* Build configuration list for PBXNativeTarget "CircleBoundsGame" */ = {
			isa = XCConfigurationList;
			buildConfigurations = (
				2CABC9D62CBFD3D5008B51C4 /* Debug */,
				2CABC9D72CBFD3D5008B51C4 /* Release */,
			);
			defaultConfigurationIsVisible = 0;
			defaultConfigurationName = Release;
		};
/* End XCConfigurationList section */
	};
	rootObject = 2CABC9B62CBFD3D4008B51C4 /* Project object */;
}
